{
  "requires": true,
  "lockfileVersion": 1,
  "dependencies": {
    "types-registry": {
      "version": "0.1.676",
      "resolved": "https://registry.npmjs.org/types-registry/-/types-registry-0.1.676.tgz",
      "integrity": "sha512-Yn8nOQsT1bxHG1/gUAk4RrGPUkQWsLfsfiY65KdfDfenXVgeskSUkoUZzAEHyh5P4ICmCHzUGUtAfqbBuqg5JA=="
    }
  }
}
